
Microsoft Visual Studio Solution File, Format Version 12.00
# Visual Studio 14
VisualStudioVersion = 14.0.25420.1
MinimumVisualStudioVersion = 10.0.40219.1
Project("{FAE04EC0-301F-11D3-BF4B-00C04F79EFBC}") = "ServerConsole", "ServerConsole\ServerConsole.csproj", "{77D972C8-14FD-49EC-8756-ECC05333EF64}"
EndProject
Project("{FAE04EC0-301F-11D3-BF4B-00C04F79EFBC}") = "ClientConsole", "ClientConsole\ClientConsole.csproj", "{204345AA-6463-4FE9-B28D-14A87D74209A}"
EndProject
Project("{FAE04EC0-301F-11D3-BF4B-00C04F79EFBC}") = "ClientLogic", "ClientLogic\ClientLogic.csproj", "{57FA52CC-C25F-4C3D-8507-52C23D96708D}"
EndProject
Project("{FAE04EC0-301F-11D3-BF4B-00C04F79EFBC}") = "ServerLogic", "ServerLogic\ServerLogic.csproj", "{3CAB065F-720C-4E60-941C-C146AEFC7C9C}"
EndProject
Project("{FAE04EC0-301F-11D3-BF4B-00C04F79EFBC}") = "Domain", "Domain\Domain.csproj", "{26E1821F-C4BE-4EC1-B82E-DD6AD314D663}"
EndProject
Global
	GlobalSection(SolutionConfigurationPlatforms) = preSolution
		Debug|Any CPU = Debug|Any CPU
		Release|Any CPU = Release|Any CPU
	EndGlobalSection
	GlobalSection(ProjectConfigurationPlatforms) = postSolution
		{77D972C8-14FD-49EC-8756-ECC05333EF64}.Debug|Any CPU.ActiveCfg = Debug|Any CPU
		{77D972C8-14FD-49EC-8756-ECC05333EF64}.Debug|Any CPU.Build.0 = Debug|Any CPU
		{77D972C8-14FD-49EC-8756-ECC05333EF64}.Release|Any CPU.ActiveCfg = Release|Any CPU
		{77D972C8-14FD-49EC-8756-ECC05333EF64}.Release|Any CPU.Build.0 = Release|Any CPU
		{204345AA-6463-4FE9-B28D-14A87D74209A}.Debug|Any CPU.ActiveCfg = Debug|Any CPU
		{204345AA-6463-4FE9-B28D-14A87D74209A}.Debug|Any CPU.Build.0 = Debug|Any CPU
		{204345AA-6463-4FE9-B28D-14A87D74209A}.Release|Any CPU.ActiveCfg = Release|Any CPU
		{204345AA-6463-4FE9-B28D-14A87D74209A}.Release|Any CPU.Build.0 = Release|Any CPU
		{57FA52CC-C25F-4C3D-8507-52C23D96708D}.Debug|Any CPU.ActiveCfg = Debug|Any CPU
		{57FA52CC-C25F-4C3D-8507-52C23D96708D}.Debug|Any CPU.Build.0 = Debug|Any CPU
		{57FA52CC-C25F-4C3D-8507-52C23D96708D}.Release|Any CPU.ActiveCfg = Release|Any CPU
		{57FA52CC-C25F-4C3D-8507-52C23D96708D}.Release|Any CPU.Build.0 = Release|Any CPU
		{3CAB065F-720C-4E60-941C-C146AEFC7C9C}.Debug|Any CPU.ActiveCfg = Debug|Any CPU
		{3CAB065F-720C-4E60-941C-C146AEFC7C9C}.Debug|Any CPU.Build.0 = Debug|Any CPU
		{3CAB065F-720C-4E60-941C-C146AEFC7C9C}.Release|Any CPU.ActiveCfg = Release|Any CPU
		{3CAB065F-720C-4E60-941C-C146AEFC7C9C}.Release|Any CPU.Build.0 = Release|Any CPU
		{26E1821F-C4BE-4EC1-B82E-DD6AD314D663}.Debug|Any CPU.ActiveCfg = Debug|Any CPU
		{26E1821F-C4BE-4EC1-B82E-DD6AD314D663}.Debug|Any CPU.Build.0 = Debug|Any CPU
		{26E1821F-C4BE-4EC1-B82E-DD6AD314D663}.Release|Any CPU.ActiveCfg = Release|Any CPU
		{26E1821F-C4BE-4EC1-B82E-DD6AD314D663}.Release|Any CPU.Build.0 = Release|Any CPU
	EndGlobalSection
	GlobalSection(SolutionProperties) = preSolution
		HideSolutionNode = FALSE
	EndGlobalSection
EndGlobal
